
Microsoft Visual Studio Solution File, Format Version 12.00
# Visual Studio Version 17
VisualStudioVersion = 17.11.35327.3
MinimumVisualStudioVersion = 10.0.40219.1
Project("{FAE04EC0-301F-11D3-BF4B-00C04F79EFBC}") = "VersenkungDerSchiffe", "VersenkungDerSchiffe\VersenkungDerSchiffe.csproj", "{3903A861-B1EA-4AAD-BD45-7E32B65B79F7}"
EndProject
Global
	GlobalSection(SolutionConfigurationPlatforms) = preSolution
		Debug|Any CPU = Debug|Any CPU
		Release|Any CPU = Release|Any CPU
	EndGlobalSection
	GlobalSection(ProjectConfigurationPlatforms) = postSolution
		{3903A861-B1EA-4AAD-BD45-7E32B65B79F7}.Debug|Any CPU.ActiveCfg = Debug|Any CPU
		{3903A861-B1EA-4AAD-BD45-7E32B65B79F7}.Debug|Any CPU.Build.0 = Debug|Any CPU
		{3903A861-B1EA-4AAD-BD45-7E32B65B79F7}.Release|Any CPU.ActiveCfg = Release|Any CPU
		{3903A861-B1EA-4AAD-BD45-7E32B65B79F7}.Release|Any CPU.Build.0 = Release|Any CPU
	EndGlobalSection
	GlobalSection(SolutionProperties) = preSolution
		HideSolutionNode = FALSE
	EndGlobalSection
	GlobalSection(ExtensibilityGlobals) = postSolution
		SolutionGuid = {FFF42E30-D10C-49F6-AC41-A9D29FD823A4}
	EndGlobalSection
EndGlobal
